{
  "name": "Wcat-first-app",
  "version": "1.0.0",
  "lockfileVersion": 1,
  "requires": true,
  "dependencies": {
    "qs": {
      "version": "6.7.3",
      "resolved": "https://registry.npmmirror.com/qs/-/qs-6.7.3.tgz",
      "integrity": "sha512-WBoQWf5L/UOLqUj8Mvr4Om7J+ZTCqPbYPHyeLNRS9t9Q3M3/o/9ctpWnlo8yyETPclx7FhH5LidjKKJa9kdSRQ=="
    },
    "vant-weapp": {
      "version": "0.5.10",
      "resolved": "http://registry.npm.taobao.org/vant-weapp/download/vant-weapp-0.5.10.tgz",
      "integrity": "sha1-OW9DxWNpWcTHDAftJ37plHEx4YU="
    }
  }
}
